// !$*UTF8*$!
{
	archiveVersion = 1;
	classes = {
	};
	objectVersion = 50;
	objects = {

/* Begin PBXBuildFile section */
		485F7D2D0806DF7D1186D22B /* Pods_SocialGamingPlatform.framework in Frameworks */ = {isa = PBXBuildFile; fileRef = 4F152C85185ADFDBDC657446 /* Pods_SocialGamingPlatform.framework */; };
		5350B4712184CA49000E8CC4 /* AppDelegate.swift in Sources */ = {isa = PBXBuildFile; fileRef = 5350B4702184CA49000E8CC4 /* AppDelegate.swift */; };
		5350B4732184CA49000E8CC4 /* ViewController.swift in Sources */ = {isa = PBXBuildFile; fileRef = 5350B4722184CA49000E8CC4 /* ViewController.swift */; };
		5350B4792184CA49000E8CC4 /* SocialGamingPlatform.xcdatamodeld in Sources */ = {isa = PBXBuildFile; fileRef = 5350B4772184CA49000E8CC4 /* SocialGamingPlatform.xcdatamodeld */; };
		5350B4892184CA4A000E8CC4 /* SocialGamingPlatformTests.swift in Sources */ = {isa = PBXBuildFile; fileRef = 5350B4882184CA4A000E8CC4 /* SocialGamingPlatformTests.swift */; };
		5350B4A22184CAEC000E8CC4 /* StartViewController.swift in Sources */ = {isa = PBXBuildFile; fileRef = 5350B4A12184CAEC000E8CC4 /* StartViewController.swift */; };
		5350B4A62184CB0C000E8CC4 /* SignUpViewController.swift in Sources */ = {isa = PBXBuildFile; fileRef = 5350B4A52184CB0C000E8CC4 /* SignUpViewController.swift */; };
		5350B4AA2184CEBE000E8CC4 /* GoogleService-Info.plist in Resources */ = {isa = PBXBuildFile; fileRef = 5350B4A92184CEBE000E8CC4 /* GoogleService-Info.plist */; };
		53EE1BF3218567B30026904F /* AlertHelper.swift in Sources */ = {isa = PBXBuildFile; fileRef = 53EE1BF2218567B30026904F /* AlertHelper.swift */; };
		53EE1C03218571830026904F /* StoreViewController.swift in Sources */ = {isa = PBXBuildFile; fileRef = 53EE1C02218571830026904F /* StoreViewController.swift */; };
		53EE1C05218571900026904F /* MessageViewController.swift in Sources */ = {isa = PBXBuildFile; fileRef = 53EE1C04218571900026904F /* MessageViewController.swift */; };
		95115E362199F77C0090C720 /* Connect4MenuViewController.swift in Sources */ = {isa = PBXBuildFile; fileRef = 95115E352199F77C0090C720 /* Connect4MenuViewController.swift */; };
		9537F11621890E5C0028E901 /* MessageTests.swift in Sources */ = {isa = PBXBuildFile; fileRef = 9537F11521890E5C0028E901 /* MessageTests.swift */; };
		9537F11821890E980028E901 /* MessageBoardTests.swift in Sources */ = {isa = PBXBuildFile; fileRef = 9537F11721890E980028E901 /* MessageBoardTests.swift */; };
		9537F11A21890EAA0028E901 /* StoreTests.swift in Sources */ = {isa = PBXBuildFile; fileRef = 9537F11921890EAA0028E901 /* StoreTests.swift */; };
		9537F11F21890EED0028E901 /* PowerupTests.swift in Sources */ = {isa = PBXBuildFile; fileRef = 9537F11E21890EED0028E901 /* PowerupTests.swift */; };
		9537F12221890F070028E901 /* CardTests.swift in Sources */ = {isa = PBXBuildFile; fileRef = 9537F12121890F070028E901 /* CardTests.swift */; };
		9537F124218912D60028E901 /* GameTests.swift in Sources */ = {isa = PBXBuildFile; fileRef = 9537F123218912D60028E901 /* GameTests.swift */; };
		9537F1282189161E0028E901 /* BJGameControllerTests.swift in Sources */ = {isa = PBXBuildFile; fileRef = 9537F1272189161E0028E901 /* BJGameControllerTests.swift */; };
		955FF7392188E9B30019420D /* LaunchScreen.storyboard in Resources */ = {isa = PBXBuildFile; fileRef = 955FF7352188E9B30019420D /* LaunchScreen.storyboard */; };
		955FF73A2188E9B30019420D /* Main.storyboard in Resources */ = {isa = PBXBuildFile; fileRef = 955FF7372188E9B30019420D /* Main.storyboard */; };
		955FF7462188E9EB0019420D /* MessageBoard.swift in Sources */ = {isa = PBXBuildFile; fileRef = 955FF73D2188E9EB0019420D /* MessageBoard.swift */; };
		955FF7472188E9EB0019420D /* Message.swift in Sources */ = {isa = PBXBuildFile; fileRef = 955FF73E2188E9EB0019420D /* Message.swift */; };
		955FF7482188E9EB0019420D /* User.swift in Sources */ = {isa = PBXBuildFile; fileRef = 955FF7402188E9EB0019420D /* User.swift */; };
		955FF7492188E9EB0019420D /* Game.swift in Sources */ = {isa = PBXBuildFile; fileRef = 955FF7422188E9EB0019420D /* Game.swift */; };
		955FF74A2188E9EB0019420D /* Store.swift in Sources */ = {isa = PBXBuildFile; fileRef = 955FF7442188E9EB0019420D /* Store.swift */; };
		955FF74B2188E9EB0019420D /* Powerup.swift in Sources */ = {isa = PBXBuildFile; fileRef = 955FF7452188E9EB0019420D /* Powerup.swift */; };
		955FF74E2188EA970019420D /* Assets.xcassets in Resources */ = {isa = PBXBuildFile; fileRef = 955FF74D2188EA970019420D /* Assets.xcassets */; };
		955FF7622188EF9F0019420D /* Card.swift in Sources */ = {isa = PBXBuildFile; fileRef = 955FF7612188EF9F0019420D /* Card.swift */; };
		955FF7652188F71A0019420D /* UserTests.swift in Sources */ = {isa = PBXBuildFile; fileRef = 955FF7642188F71A0019420D /* UserTests.swift */; };
		95760D3F219DC68F0058B5B4 /* SliderMenuViewController.swift in Sources */ = {isa = PBXBuildFile; fileRef = 95760D3E219DC68F0058B5B4 /* SliderMenuViewController.swift */; };
		95760D41219DEE870058B5B4 /* SliderViewController.swift in Sources */ = {isa = PBXBuildFile; fileRef = 95760D40219DEE870058B5B4 /* SliderViewController.swift */; };
		95760D43219DF3B60058B5B4 /* SliderGameController.swift in Sources */ = {isa = PBXBuildFile; fileRef = 95760D42219DF3B60058B5B4 /* SliderGameController.swift */; };
		95C1E0A3219C2027007AEEA1 /* Connect4GameController.swift in Sources */ = {isa = PBXBuildFile; fileRef = 95C1E0A2219C2027007AEEA1 /* Connect4GameController.swift */; };
		95DF6BAC2184DE7C001C0AF2 /* BJGameController.swift in Sources */ = {isa = PBXBuildFile; fileRef = 95DF6BAB2184DE7C001C0AF2 /* BJGameController.swift */; };
		95DF6BAE2184E0AB001C0AF2 /* BJViewController.swift in Sources */ = {isa = PBXBuildFile; fileRef = 95DF6BAD2184E0AB001C0AF2 /* BJViewController.swift */; };
		95DF6BB12184FFEF001C0AF2 /* Connect4ViewController.swift in Sources */ = {isa = PBXBuildFile; fileRef = 95DF6BB02184FFEF001C0AF2 /* Connect4ViewController.swift */; };
		95DF6BB321850228001C0AF2 /* BJMenuViewController.swift in Sources */ = {isa = PBXBuildFile; fileRef = 95DF6BB221850228001C0AF2 /* BJMenuViewController.swift */; };
		95DF6BB7218509AA001C0AF2 /* GameMenuTableTableViewController.swift in Sources */ = {isa = PBXBuildFile; fileRef = 95DF6BB6218509AA001C0AF2 /* GameMenuTableTableViewController.swift */; };
		95DF6BB92185548E001C0AF2 /* LogoutViewController.swift in Sources */ = {isa = PBXBuildFile; fileRef = 95DF6BB82185548E001C0AF2 /* LogoutViewController.swift */; };
		992EE7C255B2D5D1A21B9868 /* Pods_SocialGamingPlatformUITests.framework in Frameworks */ = {isa = PBXBuildFile; fileRef = 19D9F4C65E2320FCD3DA14FC /* Pods_SocialGamingPlatformUITests.framework */; };
		F086CCB3D24F1D77DAD940A9 /* Pods_SocialGamingPlatformTests.framework in Frameworks */ = {isa = PBXBuildFile; fileRef = 1F13CCF4F17C8A2C48D1E2A3 /* Pods_SocialGamingPlatformTests.framework */; };
/* End PBXBuildFile section */

/* Begin PBXContainerItemProxy section */
		5350B4852184CA4A000E8CC4 /* PBXContainerItemProxy */ = {
			isa = PBXContainerItemProxy;
			containerPortal = 5350B4652184CA49000E8CC4 /* Project object */;
			proxyType = 1;
			remoteGlobalIDString = 5350B46C2184CA49000E8CC4;
			remoteInfo = SocialGamingPlatform;
		};
		5350B4902184CA4A000E8CC4 /* PBXContainerItemProxy */ = {
			isa = PBXContainerItemProxy;
			containerPortal = 5350B4652184CA49000E8CC4 /* Project object */;
			proxyType = 1;
			remoteGlobalIDString = 5350B46C2184CA49000E8CC4;
			remoteInfo = SocialGamingPlatform;
		};
		955FF7582188EE590019420D /* PBXContainerItemProxy */ = {
			isa = PBXContainerItemProxy;
			containerPortal = 5350B4652184CA49000E8CC4 /* Project object */;
			proxyType = 1;
			remoteGlobalIDString = 5350B46C2184CA49000E8CC4;
			remoteInfo = SocialGamingPlatform;
		};
/* End PBXContainerItemProxy section */

/* Begin PBXFileReference section */
		19D9F4C65E2320FCD3DA14FC /* Pods_SocialGamingPlatformUITests.framework */ = {isa = PBXFileReference; explicitFileType = wrapper.framework; includeInIndex = 0; path = Pods_SocialGamingPlatformUITests.framework; sourceTree = BUILT_PRODUCTS_DIR; };
		1F13CCF4F17C8A2C48D1E2A3 /* Pods_SocialGamingPlatformTests.framework */ = {isa = PBXFileReference; explicitFileType = wrapper.framework; includeInIndex = 0; path = Pods_SocialGamingPlatformTests.framework; sourceTree = BUILT_PRODUCTS_DIR; };
		26E4D4E0649AC3EC4869E9CF /* Pods-SocialGamingPlatformTests.debug.xcconfig */ = {isa = PBXFileReference; includeInIndex = 1; lastKnownFileType = text.xcconfig; name = "Pods-SocialGamingPlatformTests.debug.xcconfig"; path = "Pods/Target Support Files/Pods-SocialGamingPlatformTests/Pods-SocialGamingPlatformTests.debug.xcconfig"; sourceTree = "<group>"; };
		4A217B1A14B238E6EB4ED52C /* Pods-SocialGamingPlatformTests.release.xcconfig */ = {isa = PBXFileReference; includeInIndex = 1; lastKnownFileType = text.xcconfig; name = "Pods-SocialGamingPlatformTests.release.xcconfig"; path = "Pods/Target Support Files/Pods-SocialGamingPlatformTests/Pods-SocialGamingPlatformTests.release.xcconfig"; sourceTree = "<group>"; };
		4F152C85185ADFDBDC657446 /* Pods_SocialGamingPlatform.framework */ = {isa = PBXFileReference; explicitFileType = wrapper.framework; includeInIndex = 0; path = Pods_SocialGamingPlatform.framework; sourceTree = BUILT_PRODUCTS_DIR; };
		5350B46D2184CA49000E8CC4 /* SocialGamingPlatform.app */ = {isa = PBXFileReference; explicitFileType = wrapper.application; includeInIndex = 0; path = SocialGamingPlatform.app; sourceTree = BUILT_PRODUCTS_DIR; };
		5350B4702184CA49000E8CC4 /* AppDelegate.swift */ = {isa = PBXFileReference; lastKnownFileType = sourcecode.swift; path = AppDelegate.swift; sourceTree = "<group>"; };
		5350B4722184CA49000E8CC4 /* ViewController.swift */ = {isa = PBXFileReference; lastKnownFileType = sourcecode.swift; path = ViewController.swift; sourceTree = "<group>"; };
		5350B4782184CA49000E8CC4 /* SocialGamingPlatform.xcdatamodel */ = {isa = PBXFileReference; lastKnownFileType = wrapper.xcdatamodel; path = SocialGamingPlatform.xcdatamodel; sourceTree = "<group>"; };
		5350B47F2184CA4A000E8CC4 /* Info.plist */ = {isa = PBXFileReference; lastKnownFileType = text.plist.xml; path = Info.plist; sourceTree = "<group>"; };
		5350B4842184CA4A000E8CC4 /* SocialGamingPlatformTests.xctest */ = {isa = PBXFileReference; explicitFileType = wrapper.cfbundle; includeInIndex = 0; path = SocialGamingPlatformTests.xctest; sourceTree = BUILT_PRODUCTS_DIR; };
		5350B4882184CA4A000E8CC4 /* SocialGamingPlatformTests.swift */ = {isa = PBXFileReference; lastKnownFileType = sourcecode.swift; path = SocialGamingPlatformTests.swift; sourceTree = "<group>"; };
		5350B48A2184CA4A000E8CC4 /* Info.plist */ = {isa = PBXFileReference; lastKnownFileType = text.plist.xml; path = Info.plist; sourceTree = "<group>"; };
		5350B48F2184CA4A000E8CC4 /* SocialGamingPlatformUITests.xctest */ = {isa = PBXFileReference; explicitFileType = wrapper.cfbundle; includeInIndex = 0; path = SocialGamingPlatformUITests.xctest; sourceTree = BUILT_PRODUCTS_DIR; };
		5350B4A12184CAEC000E8CC4 /* StartViewController.swift */ = {isa = PBXFileReference; lastKnownFileType = sourcecode.swift; path = StartViewController.swift; sourceTree = "<group>"; };
		5350B4A52184CB0C000E8CC4 /* SignUpViewController.swift */ = {isa = PBXFileReference; lastKnownFileType = sourcecode.swift; path = SignUpViewController.swift; sourceTree = "<group>"; };
		5350B4A92184CEBE000E8CC4 /* GoogleService-Info.plist */ = {isa = PBXFileReference; fileEncoding = 4; lastKnownFileType = text.plist.xml; path = "GoogleService-Info.plist"; sourceTree = "<group>"; };
		53EE1BF2218567B30026904F /* AlertHelper.swift */ = {isa = PBXFileReference; lastKnownFileType = sourcecode.swift; path = AlertHelper.swift; sourceTree = "<group>"; };
		53EE1C02218571830026904F /* StoreViewController.swift */ = {isa = PBXFileReference; lastKnownFileType = sourcecode.swift; path = StoreViewController.swift; sourceTree = "<group>"; };
		53EE1C04218571900026904F /* MessageViewController.swift */ = {isa = PBXFileReference; lastKnownFileType = sourcecode.swift; path = MessageViewController.swift; sourceTree = "<group>"; };
		80F169151CDCDB057E201876 /* Pods-SocialGamingPlatform.debug.xcconfig */ = {isa = PBXFileReference; includeInIndex = 1; lastKnownFileType = text.xcconfig; name = "Pods-SocialGamingPlatform.debug.xcconfig"; path = "Pods/Target Support Files/Pods-SocialGamingPlatform/Pods-SocialGamingPlatform.debug.xcconfig"; sourceTree = "<group>"; };
		95115E352199F77C0090C720 /* Connect4MenuViewController.swift */ = {isa = PBXFileReference; lastKnownFileType = sourcecode.swift; path = Connect4MenuViewController.swift; sourceTree = "<group>"; };
		9537F11521890E5C0028E901 /* MessageTests.swift */ = {isa = PBXFileReference; lastKnownFileType = sourcecode.swift; path = MessageTests.swift; sourceTree = "<group>"; };
		9537F11721890E980028E901 /* MessageBoardTests.swift */ = {isa = PBXFileReference; lastKnownFileType = sourcecode.swift; path = MessageBoardTests.swift; sourceTree = "<group>"; };
		9537F11921890EAA0028E901 /* StoreTests.swift */ = {isa = PBXFileReference; lastKnownFileType = sourcecode.swift; path = StoreTests.swift; sourceTree = "<group>"; };
		9537F11E21890EED0028E901 /* PowerupTests.swift */ = {isa = PBXFileReference; lastKnownFileType = sourcecode.swift; path = PowerupTests.swift; sourceTree = "<group>"; };
		9537F12121890F070028E901 /* CardTests.swift */ = {isa = PBXFileReference; lastKnownFileType = sourcecode.swift; path = CardTests.swift; sourceTree = "<group>"; };
		9537F123218912D60028E901 /* GameTests.swift */ = {isa = PBXFileReference; lastKnownFileType = sourcecode.swift; path = GameTests.swift; sourceTree = "<group>"; };
		9537F1272189161E0028E901 /* BJGameControllerTests.swift */ = {isa = PBXFileReference; lastKnownFileType = sourcecode.swift; path = BJGameControllerTests.swift; sourceTree = "<group>"; };
		955FF7362188E9B30019420D /* Base */ = {isa = PBXFileReference; lastKnownFileType = file.storyboard; name = Base; path = Base.lproj/LaunchScreen.storyboard; sourceTree = "<group>"; };
		955FF7382188E9B30019420D /* Base */ = {isa = PBXFileReference; lastKnownFileType = file.storyboard; name = Base; path = Base.lproj/Main.storyboard; sourceTree = "<group>"; };
		955FF73D2188E9EB0019420D /* MessageBoard.swift */ = {isa = PBXFileReference; fileEncoding = 4; lastKnownFileType = sourcecode.swift; path = MessageBoard.swift; sourceTree = "<group>"; };
		955FF73E2188E9EB0019420D /* Message.swift */ = {isa = PBXFileReference; fileEncoding = 4; lastKnownFileType = sourcecode.swift; path = Message.swift; sourceTree = "<group>"; };
		955FF7402188E9EB0019420D /* User.swift */ = {isa = PBXFileReference; fileEncoding = 4; lastKnownFileType = sourcecode.swift; path = User.swift; sourceTree = "<group>"; };
		955FF7422188E9EB0019420D /* Game.swift */ = {isa = PBXFileReference; fileEncoding = 4; lastKnownFileType = sourcecode.swift; path = Game.swift; sourceTree = "<group>"; };
		955FF7442188E9EB0019420D /* Store.swift */ = {isa = PBXFileReference; fileEncoding = 4; lastKnownFileType = sourcecode.swift; path = Store.swift; sourceTree = "<group>"; };
		955FF7452188E9EB0019420D /* Powerup.swift */ = {isa = PBXFileReference; fileEncoding = 4; lastKnownFileType = sourcecode.swift; path = Powerup.swift; sourceTree = "<group>"; };
		955FF74D2188EA970019420D /* Assets.xcassets */ = {isa = PBXFileReference; lastKnownFileType = folder.assetcatalog; path = Assets.xcassets; sourceTree = "<group>"; };
		955FF7532188EE590019420D /* LoginTests.xctest */ = {isa = PBXFileReference; explicitFileType = wrapper.cfbundle; includeInIndex = 0; path = LoginTests.xctest; sourceTree = BUILT_PRODUCTS_DIR; };
		955FF7612188EF9F0019420D /* Card.swift */ = {isa = PBXFileReference; lastKnownFileType = sourcecode.swift; path = Card.swift; sourceTree = "<group>"; };
		955FF7642188F71A0019420D /* UserTests.swift */ = {isa = PBXFileReference; lastKnownFileType = sourcecode.swift; path = UserTests.swift; sourceTree = "<group>"; };
		95760D3E219DC68F0058B5B4 /* SliderMenuViewController.swift */ = {isa = PBXFileReference; lastKnownFileType = sourcecode.swift; path = SliderMenuViewController.swift; sourceTree = "<group>"; };
		95760D40219DEE870058B5B4 /* SliderViewController.swift */ = {isa = PBXFileReference; lastKnownFileType = sourcecode.swift; path = SliderViewController.swift; sourceTree = "<group>"; };
		95760D42219DF3B60058B5B4 /* SliderGameController.swift */ = {isa = PBXFileReference; lastKnownFileType = sourcecode.swift; path = SliderGameController.swift; sourceTree = "<group>"; };
		95C1E0A2219C2027007AEEA1 /* Connect4GameController.swift */ = {isa = PBXFileReference; lastKnownFileType = sourcecode.swift; path = Connect4GameController.swift; sourceTree = "<group>"; };
		95DF6BAB2184DE7C001C0AF2 /* BJGameController.swift */ = {isa = PBXFileReference; fileEncoding = 4; lastKnownFileType = sourcecode.swift; path = BJGameController.swift; sourceTree = "<group>"; };
		95DF6BAD2184E0AB001C0AF2 /* BJViewController.swift */ = {isa = PBXFileReference; lastKnownFileType = sourcecode.swift; path = BJViewController.swift; sourceTree = "<group>"; };
		95DF6BB02184FFEF001C0AF2 /* Connect4ViewController.swift */ = {isa = PBXFileReference; lastKnownFileType = sourcecode.swift; path = Connect4ViewController.swift; sourceTree = "<group>"; };
		95DF6BB221850228001C0AF2 /* BJMenuViewController.swift */ = {isa = PBXFileReference; lastKnownFileType = sourcecode.swift; path = BJMenuViewController.swift; sourceTree = "<group>"; };
		95DF6BB6218509AA001C0AF2 /* GameMenuTableTableViewController.swift */ = {isa = PBXFileReference; lastKnownFileType = sourcecode.swift; path = GameMenuTableTableViewController.swift; sourceTree = "<group>"; };
		95DF6BB82185548E001C0AF2 /* LogoutViewController.swift */ = {isa = PBXFileReference; lastKnownFileType = sourcecode.swift; path = LogoutViewController.swift; sourceTree = "<group>"; };
		A43CE36E8AC9DB4B7A581C13 /* Pods-SocialGamingPlatformUITests.debug.xcconfig */ = {isa = PBXFileReference; includeInIndex = 1; lastKnownFileType = text.xcconfig; name = "Pods-SocialGamingPlatformUITests.debug.xcconfig"; path = "Pods/Target Support Files/Pods-SocialGamingPlatformUITests/Pods-SocialGamingPlatformUITests.debug.xcconfig"; sourceTree = "<group>"; };
		B6AE16293D430B75897C099B /* Pods-SocialGamingPlatform.release.xcconfig */ = {isa = PBXFileReference; includeInIndex = 1; lastKnownFileType = text.xcconfig; name = "Pods-SocialGamingPlatform.release.xcconfig"; path = "Pods/Target Support Files/Pods-SocialGamingPlatform/Pods-SocialGamingPlatform.release.xcconfig"; sourceTree = "<group>"; };
		DBE55B18EA47227C7EAC2F46 /* Pods-SocialGamingPlatformUITests.release.xcconfig */ = {isa = PBXFileReference; includeInIndex = 1; lastKnownFileType = text.xcconfig; name = "Pods-SocialGamingPlatformUITests.release.xcconfig"; path = "Pods/Target Support Files/Pods-SocialGamingPlatformUITests/Pods-SocialGamingPlatformUITests.release.xcconfig"; sourceTree = "<group>"; };
/* End PBXFileReference section */

/* Begin PBXFrameworksBuildPhase section */
		5350B46A2184CA49000E8CC4 /* Frameworks */ = {
			isa = PBXFrameworksBuildPhase;
			buildActionMask = 2147483647;
			files = (
				485F7D2D0806DF7D1186D22B /* Pods_SocialGamingPlatform.framework in Frameworks */,
			);
			runOnlyForDeploymentPostprocessing = 0;
		};
		5350B4812184CA4A000E8CC4 /* Frameworks */ = {
			isa = PBXFrameworksBuildPhase;
			buildActionMask = 2147483647;
			files = (
				F086CCB3D24F1D77DAD940A9 /* Pods_SocialGamingPlatformTests.framework in Frameworks */,
			);
			runOnlyForDeploymentPostprocessing = 0;
		};
		5350B48C2184CA4A000E8CC4 /* Frameworks */ = {
			isa = PBXFrameworksBuildPhase;
			buildActionMask = 2147483647;
			files = (
				992EE7C255B2D5D1A21B9868 /* Pods_SocialGamingPlatformUITests.framework in Frameworks */,
			);
			runOnlyForDeploymentPostprocessing = 0;
		};
		955FF7502188EE590019420D /* Frameworks */ = {
			isa = PBXFrameworksBuildPhase;
			buildActionMask = 2147483647;
			files = (
			);
			runOnlyForDeploymentPostprocessing = 0;
		};
/* End PBXFrameworksBuildPhase section */

/* Begin PBXGroup section */
		5350B4642184CA49000E8CC4 = {
			isa = PBXGroup;
			children = (
				5350B46F2184CA49000E8CC4 /* SocialGamingPlatform */,
				5350B4872184CA4A000E8CC4 /* SocialGamingPlatformTests */,
				5350B46E2184CA49000E8CC4 /* Products */,
				69B00671C83D91C0350A2C2C /* Pods */,
				D8A7425EBD9C2106D81BD5CA /* Frameworks */,
			);
			sourceTree = "<group>";
		};
		5350B46E2184CA49000E8CC4 /* Products */ = {
			isa = PBXGroup;
			children = (
				5350B46D2184CA49000E8CC4 /* SocialGamingPlatform.app */,
				5350B4842184CA4A000E8CC4 /* SocialGamingPlatformTests.xctest */,
				5350B48F2184CA4A000E8CC4 /* SocialGamingPlatformUITests.xctest */,
				955FF7532188EE590019420D /* LoginTests.xctest */,
			);
			name = Products;
			sourceTree = "<group>";
		};
		5350B46F2184CA49000E8CC4 /* SocialGamingPlatform */ = {
			isa = PBXGroup;
			children = (
				955FF74D2188EA970019420D /* Assets.xcassets */,
				955FF73B2188E9EB0019420D /* Model */,
				955FF7342188E9B30019420D /* View */,
				5350B4702184CA49000E8CC4 /* AppDelegate.swift */,
				5350B47F2184CA4A000E8CC4 /* Info.plist */,
				5350B4772184CA49000E8CC4 /* SocialGamingPlatform.xcdatamodeld */,
				5350B4A92184CEBE000E8CC4 /* GoogleService-Info.plist */,
				53EE1BFB21856E5A0026904F /* Controller */,
				53EE1C01218570660026904F /* Helper */,
			);
			path = SocialGamingPlatform;
			sourceTree = "<group>";
		};
		5350B4872184CA4A000E8CC4 /* SocialGamingPlatformTests */ = {
			isa = PBXGroup;
			children = (
				9537F129218916380028E901 /* ControllerTests */,
				955FF75F2188EF4F0019420D /* ModelTests */,
				5350B4882184CA4A000E8CC4 /* SocialGamingPlatformTests.swift */,
				5350B48A2184CA4A000E8CC4 /* Info.plist */,
			);
			path = SocialGamingPlatformTests;
			sourceTree = "<group>";
		};
		53EE1BFB21856E5A0026904F /* Controller */ = {
			isa = PBXGroup;
			children = (
				5350B4A12184CAEC000E8CC4 /* StartViewController.swift */,
				5350B4A52184CB0C000E8CC4 /* SignUpViewController.swift */,
				5350B4722184CA49000E8CC4 /* ViewController.swift */,
				53EE1BFC21856E850026904F /* GameController */,
				53EE1BFE21856FAB0026904F /* StoreController */,
				53EE1BFF21856FC20026904F /* MessageController */,
				53EE1BFD21856F180026904F /* AccountController */,
			);
			path = Controller;
			sourceTree = "<group>";
		};
		53EE1BFC21856E850026904F /* GameController */ = {
			isa = PBXGroup;
			children = (
				95DF6BB6218509AA001C0AF2 /* GameMenuTableTableViewController.swift */,
				95760D3D219DC6700058B5B4 /* SliderGameController */,
				95DF6BAF2184FF3F001C0AF2 /* Connect4GameController */,
				95DF6BAA2184DE7C001C0AF2 /* BlackJackGameController */,
			);
			path = GameController;
			sourceTree = "<group>";
		};
		53EE1BFD21856F180026904F /* AccountController */ = {
			isa = PBXGroup;
			children = (
				95DF6BB82185548E001C0AF2 /* LogoutViewController.swift */,
			);
			path = AccountController;
			sourceTree = "<group>";
		};
		53EE1BFE21856FAB0026904F /* StoreController */ = {
			isa = PBXGroup;
			children = (
				53EE1C02218571830026904F /* StoreViewController.swift */,
			);
			path = StoreController;
			sourceTree = "<group>";
		};
		53EE1BFF21856FC20026904F /* MessageController */ = {
			isa = PBXGroup;
			children = (
				53EE1C04218571900026904F /* MessageViewController.swift */,
			);
			path = MessageController;
			sourceTree = "<group>";
		};
		53EE1C01218570660026904F /* Helper */ = {
			isa = PBXGroup;
			children = (
				53EE1BF2218567B30026904F /* AlertHelper.swift */,
			);
			path = Helper;
			sourceTree = "<group>";
		};
		69B00671C83D91C0350A2C2C /* Pods */ = {
			isa = PBXGroup;
			children = (
				80F169151CDCDB057E201876 /* Pods-SocialGamingPlatform.debug.xcconfig */,
				B6AE16293D430B75897C099B /* Pods-SocialGamingPlatform.release.xcconfig */,
				26E4D4E0649AC3EC4869E9CF /* Pods-SocialGamingPlatformTests.debug.xcconfig */,
				4A217B1A14B238E6EB4ED52C /* Pods-SocialGamingPlatformTests.release.xcconfig */,
				A43CE36E8AC9DB4B7A581C13 /* Pods-SocialGamingPlatformUITests.debug.xcconfig */,
				DBE55B18EA47227C7EAC2F46 /* Pods-SocialGamingPlatformUITests.release.xcconfig */,
			);
			name = Pods;
			sourceTree = "<group>";
		};
		9537F11B21890EC20028E901 /* UserTests */ = {
			isa = PBXGroup;
			children = (
				955FF7642188F71A0019420D /* UserTests.swift */,
			);
			path = UserTests;
			sourceTree = "<group>";
		};
		9537F11C21890ED00028E901 /* MessageTests */ = {
			isa = PBXGroup;
			children = (
				9537F11521890E5C0028E901 /* MessageTests.swift */,
				9537F11721890E980028E901 /* MessageBoardTests.swift */,
			);
			path = MessageTests;
			sourceTree = "<group>";
		};
		9537F11D21890EDE0028E901 /* StoreTests */ = {
			isa = PBXGroup;
			children = (
				9537F11921890EAA0028E901 /* StoreTests.swift */,
				9537F11E21890EED0028E901 /* PowerupTests.swift */,
			);
			path = StoreTests;
			sourceTree = "<group>";
		};
		9537F12021890EF80028E901 /* GameTests */ = {
			isa = PBXGroup;
			children = (
				9537F123218912D60028E901 /* GameTests.swift */,
				9537F12121890F070028E901 /* CardTests.swift */,
			);
			path = GameTests;
			sourceTree = "<group>";
		};
		9537F125218915FA0028E901 /* GameControllerTests */ = {
			isa = PBXGroup;
			children = (
				9537F126218916050028E901 /* BlackJackGameControllerTests */,
			);
			path = GameControllerTests;
			sourceTree = "<group>";
		};
		9537F126218916050028E901 /* BlackJackGameControllerTests */ = {
			isa = PBXGroup;
			children = (
				9537F1272189161E0028E901 /* BJGameControllerTests.swift */,
			);
			path = BlackJackGameControllerTests;
			sourceTree = "<group>";
		};
		9537F129218916380028E901 /* ControllerTests */ = {
			isa = PBXGroup;
			children = (
				9537F125218915FA0028E901 /* GameControllerTests */,
			);
			path = ControllerTests;
			sourceTree = "<group>";
		};
		955FF7342188E9B30019420D /* View */ = {
			isa = PBXGroup;
			children = (
				955FF7352188E9B30019420D /* LaunchScreen.storyboard */,
				955FF7372188E9B30019420D /* Main.storyboard */,
			);
			path = View;
			sourceTree = "<group>";
		};
		955FF73B2188E9EB0019420D /* Model */ = {
			isa = PBXGroup;
			children = (
				955FF73C2188E9EB0019420D /* Message */,
				955FF73F2188E9EB0019420D /* User */,
				955FF7412188E9EB0019420D /* Game */,
				955FF7432188E9EB0019420D /* Store */,
			);
			path = Model;
			sourceTree = "<group>";
		};
		955FF73C2188E9EB0019420D /* Message */ = {
			isa = PBXGroup;
			children = (
				955FF73D2188E9EB0019420D /* MessageBoard.swift */,
				955FF73E2188E9EB0019420D /* Message.swift */,
			);
			path = Message;
			sourceTree = "<group>";
		};
		955FF73F2188E9EB0019420D /* User */ = {
			isa = PBXGroup;
			children = (
				955FF7402188E9EB0019420D /* User.swift */,
			);
			path = User;
			sourceTree = "<group>";
		};
		955FF7412188E9EB0019420D /* Game */ = {
			isa = PBXGroup;
			children = (
				955FF7632188F1AD0019420D /* BlackJack */,
				955FF7422188E9EB0019420D /* Game.swift */,
			);
			path = Game;
			sourceTree = "<group>";
		};
		955FF7432188E9EB0019420D /* Store */ = {
			isa = PBXGroup;
			children = (
				955FF7442188E9EB0019420D /* Store.swift */,
				955FF7452188E9EB0019420D /* Powerup.swift */,
			);
			path = Store;
			sourceTree = "<group>";
		};
		955FF75F2188EF4F0019420D /* ModelTests */ = {
			isa = PBXGroup;
			children = (
				9537F12021890EF80028E901 /* GameTests */,
				9537F11D21890EDE0028E901 /* StoreTests */,
				9537F11C21890ED00028E901 /* MessageTests */,
				9537F11B21890EC20028E901 /* UserTests */,
			);
			path = ModelTests;
			sourceTree = "<group>";
		};
		955FF7632188F1AD0019420D /* BlackJack */ = {
			isa = PBXGroup;
			children = (
				955FF7612188EF9F0019420D /* Card.swift */,
			);
			path = BlackJack;
			sourceTree = "<group>";
		};
		95760D3D219DC6700058B5B4 /* SliderGameController */ = {
			isa = PBXGroup;
			children = (
				95760D3E219DC68F0058B5B4 /* SliderMenuViewController.swift */,
				95760D40219DEE870058B5B4 /* SliderViewController.swift */,
				95760D42219DF3B60058B5B4 /* SliderGameController.swift */,
			);
			path = SliderGameController;
			sourceTree = "<group>";
		};
		95DF6BAA2184DE7C001C0AF2 /* BlackJackGameController */ = {
			isa = PBXGroup;
			children = (
				95DF6BAB2184DE7C001C0AF2 /* BJGameController.swift */,
				95DF6BAD2184E0AB001C0AF2 /* BJViewController.swift */,
				95DF6BB221850228001C0AF2 /* BJMenuViewController.swift */,
			);
			path = BlackJackGameController;
			sourceTree = "<group>";
		};
		95DF6BAF2184FF3F001C0AF2 /* Connect4GameController */ = {
			isa = PBXGroup;
			children = (
				95DF6BB02184FFEF001C0AF2 /* Connect4ViewController.swift */,
				95115E352199F77C0090C720 /* Connect4MenuViewController.swift */,
				95C1E0A2219C2027007AEEA1 /* Connect4GameController.swift */,
			);
			path = Connect4GameController;
			sourceTree = "<group>";
		};
		D8A7425EBD9C2106D81BD5CA /* Frameworks */ = {
			isa = PBXGroup;
			children = (
				4F152C85185ADFDBDC657446 /* Pods_SocialGamingPlatform.framework */,
				1F13CCF4F17C8A2C48D1E2A3 /* Pods_SocialGamingPlatformTests.framework */,
				19D9F4C65E2320FCD3DA14FC /* Pods_SocialGamingPlatformUITests.framework */,
			);
			name = Frameworks;
			sourceTree = "<group>";
		};
/* End PBXGroup section */

/* Begin PBXNativeTarget section */
		5350B46C2184CA49000E8CC4 /* SocialGamingPlatform */ = {
			isa = PBXNativeTarget;
			buildConfigurationList = 5350B4982184CA4A000E8CC4 /* Build configuration list for PBXNativeTarget "SocialGamingPlatform" */;
			buildPhases = (
				C30E317E34A59CA7151B21B5 /* [CP] Check Pods Manifest.lock */,
				5350B4692184CA49000E8CC4 /* Sources */,
				5350B46A2184CA49000E8CC4 /* Frameworks */,
				5350B46B2184CA49000E8CC4 /* Resources */,
				089A7E10AF8E6F3DB3A2D1CF /* [CP] Embed Pods Frameworks */,
			);
			buildRules = (
			);
			dependencies = (
			);
			name = SocialGamingPlatform;
			productName = SocialGamingPlatform;
			productReference = 5350B46D2184CA49000E8CC4 /* SocialGamingPlatform.app */;
			productType = "com.apple.product-type.application";
		};
		5350B4832184CA4A000E8CC4 /* SocialGamingPlatformTests */ = {
			isa = PBXNativeTarget;
			buildConfigurationList = 5350B49B2184CA4A000E8CC4 /* Build configuration list for PBXNativeTarget "SocialGamingPlatformTests" */;
			buildPhases = (
				9A88177E213D88A3ADACE438 /* [CP] Check Pods Manifest.lock */,
				5350B4802184CA4A000E8CC4 /* Sources */,
				5350B4812184CA4A000E8CC4 /* Frameworks */,
				5350B4822184CA4A000E8CC4 /* Resources */,
			);
			buildRules = (
			);
			dependencies = (
				5350B4862184CA4A000E8CC4 /* PBXTargetDependency */,
			);
			name = SocialGamingPlatformTests;
			productName = SocialGamingPlatformTests;
			productReference = 5350B4842184CA4A000E8CC4 /* SocialGamingPlatformTests.xctest */;
			productType = "com.apple.product-type.bundle.unit-test";
		};
		5350B48E2184CA4A000E8CC4 /* SocialGamingPlatformUITests */ = {
			isa = PBXNativeTarget;
			buildConfigurationList = 5350B49E2184CA4A000E8CC4 /* Build configuration list for PBXNativeTarget "SocialGamingPlatformUITests" */;
			buildPhases = (
				BF6B586CCE76074D5BC017B0 /* [CP] Check Pods Manifest.lock */,
				5350B48B2184CA4A000E8CC4 /* Sources */,
				5350B48C2184CA4A000E8CC4 /* Frameworks */,
				5350B48D2184CA4A000E8CC4 /* Resources */,
			);
			buildRules = (
			);
			dependencies = (
				5350B4912184CA4A000E8CC4 /* PBXTargetDependency */,
			);
			name = SocialGamingPlatformUITests;
			productName = SocialGamingPlatformUITests;
			productReference = 5350B48F2184CA4A000E8CC4 /* SocialGamingPlatformUITests.xctest */;
			productType = "com.apple.product-type.bundle.ui-testing";
		};
		955FF7522188EE590019420D /* LoginTests */ = {
			isa = PBXNativeTarget;
			buildConfigurationList = 955FF75A2188EE590019420D /* Build configuration list for PBXNativeTarget "LoginTests" */;
			buildPhases = (
				955FF74F2188EE590019420D /* Sources */,
				955FF7502188EE590019420D /* Frameworks */,
				955FF7512188EE590019420D /* Resources */,
			);
			buildRules = (
			);
			dependencies = (
				955FF7592188EE590019420D /* PBXTargetDependency */,
			);
			name = LoginTests;
			productName = LoginTests;
			productReference = 955FF7532188EE590019420D /* LoginTests.xctest */;
			productType = "com.apple.product-type.bundle.unit-test";
		};
/* End PBXNativeTarget section */

/* Begin PBXProject section */
		5350B4652184CA49000E8CC4 /* Project object */ = {
			isa = PBXProject;
			attributes = {
				LastSwiftUpdateCheck = 1010;
				LastUpgradeCheck = 1000;
				ORGANIZATIONNAME = "Jiahao Luo";
				TargetAttributes = {
					5350B46C2184CA49000E8CC4 = {
						CreatedOnToolsVersion = 10.0;
					};
					5350B4832184CA4A000E8CC4 = {
						CreatedOnToolsVersion = 10.0;
						TestTargetID = 5350B46C2184CA49000E8CC4;
					};
					5350B48E2184CA4A000E8CC4 = {
						CreatedOnToolsVersion = 10.0;
						TestTargetID = 5350B46C2184CA49000E8CC4;
					};
					955FF7522188EE590019420D = {
						CreatedOnToolsVersion = 10.1;
						TestTargetID = 5350B46C2184CA49000E8CC4;
					};
				};
			};
			buildConfigurationList = 5350B4682184CA49000E8CC4 /* Build configuration list for PBXProject "SocialGamingPlatform" */;
			compatibilityVersion = "Xcode 9.3";
			developmentRegion = en;
			hasScannedForEncodings = 0;
			knownRegions = (
				en,
				Base,
			);
			mainGroup = 5350B4642184CA49000E8CC4;
			productRefGroup = 5350B46E2184CA49000E8CC4 /* Products */;
			projectDirPath = "";
			projectRoot = "";
			targets = (
				5350B46C2184CA49000E8CC4 /* SocialGamingPlatform */,
				5350B4832184CA4A000E8CC4 /* SocialGamingPlatformTests */,
				5350B48E2184CA4A000E8CC4 /* SocialGamingPlatformUITests */,
				955FF7522188EE590019420D /* LoginTests */,
			);
		};
/* End PBXProject section */

/* Begin PBXResourcesBuildPhase section */
		5350B46B2184CA49000E8CC4 /* Resources */ = {
			isa = PBXResourcesBuildPhase;
			buildActionMask = 2147483647;
			files = (
				955FF7392188E9B30019420D /* LaunchScreen.storyboard in Resources */,
				5350B4AA2184CEBE000E8CC4 /* GoogleService-Info.plist in Resources */,
				955FF74E2188EA970019420D /* Assets.xcassets in Resources */,
				955FF73A2188E9B30019420D /* Main.storyboard in Resources */,
			);
			runOnlyForDeploymentPostprocessing = 0;
		};
		5350B4822184CA4A000E8CC4 /* Resources */ = {
			isa = PBXResourcesBuildPhase;
			buildActionMask = 2147483647;
			files = (
			);
			runOnlyForDeploymentPostprocessing = 0;
		};
		5350B48D2184CA4A000E8CC4 /* Resources */ = {
			isa = PBXResourcesBuildPhase;
			buildActionMask = 2147483647;
			files = (
			);
			runOnlyForDeploymentPostprocessing = 0;
		};
		955FF7512188EE590019420D /* Resources */ = {
			isa = PBXResourcesBuildPhase;
			buildActionMask = 2147483647;
			files = (
			);
			runOnlyForDeploymentPostprocessing = 0;
		};
/* End PBXResourcesBuildPhase section */

/* Begin PBXShellScriptBuildPhase section */
		089A7E10AF8E6F3DB3A2D1CF /* [CP] Embed Pods Frameworks */ = {
			isa = PBXShellScriptBuildPhase;
			buildActionMask = 2147483647;
			files = (
			);
			inputFileListPaths = (
			);
			inputPaths = (
				"${SRCROOT}/Pods/Target Support Files/Pods-SocialGamingPlatform/Pods-SocialGamingPlatform-frameworks.sh",
				"${BUILT_PRODUCTS_DIR}/GTMSessionFetcher/GTMSessionFetcher.framework",
				"${BUILT_PRODUCTS_DIR}/GoogleUtilities/GoogleUtilities.framework",
				"${BUILT_PRODUCTS_DIR}/leveldb-library/leveldb.framework",
				"${BUILT_PRODUCTS_DIR}/nanopb/nanopb.framework",
			);
			name = "[CP] Embed Pods Frameworks";
			outputFileListPaths = (
			);
			outputPaths = (
				"${TARGET_BUILD_DIR}/${FRAMEWORKS_FOLDER_PATH}/GTMSessionFetcher.framework",
				"${TARGET_BUILD_DIR}/${FRAMEWORKS_FOLDER_PATH}/GoogleUtilities.framework",
				"${TARGET_BUILD_DIR}/${FRAMEWORKS_FOLDER_PATH}/leveldb.framework",
				"${TARGET_BUILD_DIR}/${FRAMEWORKS_FOLDER_PATH}/nanopb.framework",
			);
			runOnlyForDeploymentPostprocessing = 0;
			shellPath = /bin/sh;
			shellScript = "\"${SRCROOT}/Pods/Target Support Files/Pods-SocialGamingPlatform/Pods-SocialGamingPlatform-frameworks.sh\"\n";
			showEnvVarsInLog = 0;
		};
		9A88177E213D88A3ADACE438 /* [CP] Check Pods Manifest.lock */ = {
			isa = PBXShellScriptBuildPhase;
			buildActionMask = 2147483647;
			files = (
			);
			inputFileListPaths = (
			);
			inputPaths = (
				"${PODS_PODFILE_DIR_PATH}/Podfile.lock",
				"${PODS_ROOT}/Manifest.lock",
			);
			name = "[CP] Check Pods Manifest.lock";
			outputFileListPaths = (
			);
			outputPaths = (
				"$(DERIVED_FILE_DIR)/Pods-SocialGamingPlatformTests-checkManifestLockResult.txt",
			);
			runOnlyForDeploymentPostprocessing = 0;
			shellPath = /bin/sh;
			shellScript = "diff \"${PODS_PODFILE_DIR_PATH}/Podfile.lock\" \"${PODS_ROOT}/Manifest.lock\" > /dev/null\nif [ $? != 0 ] ; then\n    # print error to STDERR\n    echo \"error: The sandbox is not in sync with the Podfile.lock. Run 'pod install' or update your CocoaPods installation.\" >&2\n    exit 1\nfi\n# This output is used by Xcode 'outputs' to avoid re-running this script phase.\necho \"SUCCESS\" > \"${SCRIPT_OUTPUT_FILE_0}\"\n";
			showEnvVarsInLog = 0;
		};
		BF6B586CCE76074D5BC017B0 /* [CP] Check Pods Manifest.lock */ = {
			isa = PBXShellScriptBuildPhase;
			buildActionMask = 2147483647;
			files = (
			);
			inputFileListPaths = (
			);
			inputPaths = (
				"${PODS_PODFILE_DIR_PATH}/Podfile.lock",
				"${PODS_ROOT}/Manifest.lock",
			);
			name = "[CP] Check Pods Manifest.lock";
			outputFileListPaths = (
			);
			outputPaths = (
				"$(DERIVED_FILE_DIR)/Pods-SocialGamingPlatformUITests-checkManifestLockResult.txt",
			);
			runOnlyForDeploymentPostprocessing = 0;
			shellPath = /bin/sh;
			shellScript = "diff \"${PODS_PODFILE_DIR_PATH}/Podfile.lock\" \"${PODS_ROOT}/Manifest.lock\" > /dev/null\nif [ $? != 0 ] ; then\n    # print error to STDERR\n    echo \"error: The sandbox is not in sync with the Podfile.lock. Run 'pod install' or update your CocoaPods installation.\" >&2\n    exit 1\nfi\n# This output is used by Xcode 'outputs' to avoid re-running this script phase.\necho \"SUCCESS\" > \"${SCRIPT_OUTPUT_FILE_0}\"\n";
			showEnvVarsInLog = 0;
		};
		C30E317E34A59CA7151B21B5 /* [CP] Check Pods Manifest.lock */ = {
			isa = PBXShellScriptBuildPhase;
			buildActionMask = 2147483647;
			files = (
			);
			inputFileListPaths = (
			);
			inputPaths = (
				"${PODS_PODFILE_DIR_PATH}/Podfile.lock",
				"${PODS_ROOT}/Manifest.lock",
			);
			name = "[CP] Check Pods Manifest.lock";
			outputFileListPaths = (
			);
			outputPaths = (
				"$(DERIVED_FILE_DIR)/Pods-SocialGamingPlatform-checkManifestLockResult.txt",
			);
			runOnlyForDeploymentPostprocessing = 0;
			shellPath = /bin/sh;
			shellScript = "diff \"${PODS_PODFILE_DIR_PATH}/Podfile.lock\" \"${PODS_ROOT}/Manifest.lock\" > /dev/null\nif [ $? != 0 ] ; then\n    # print error to STDERR\n    echo \"error: The sandbox is not in sync with the Podfile.lock. Run 'pod install' or update your CocoaPods installation.\" >&2\n    exit 1\nfi\n# This output is used by Xcode 'outputs' to avoid re-running this script phase.\necho \"SUCCESS\" > \"${SCRIPT_OUTPUT_FILE_0}\"\n";
			showEnvVarsInLog = 0;
		};
/* End PBXShellScriptBuildPhase section */

/* Begin PBXSourcesBuildPhase section */
		5350B4692184CA49000E8CC4 /* Sources */ = {
			isa = PBXSourcesBuildPhase;
			buildActionMask = 2147483647;
			files = (
				95760D3F219DC68F0058B5B4 /* SliderMenuViewController.swift in Sources */,
				5350B4A62184CB0C000E8CC4 /* SignUpViewController.swift in Sources */,
				955FF7492188E9EB0019420D /* Game.swift in Sources */,
				95C1E0A3219C2027007AEEA1 /* Connect4GameController.swift in Sources */,
				5350B4732184CA49000E8CC4 /* ViewController.swift in Sources */,
				95DF6BB12184FFEF001C0AF2 /* Connect4ViewController.swift in Sources */,
				95115E362199F77C0090C720 /* Connect4MenuViewController.swift in Sources */,
				5350B4A22184CAEC000E8CC4 /* StartViewController.swift in Sources */,
				53EE1C05218571900026904F /* MessageViewController.swift in Sources */,
				955FF74B2188E9EB0019420D /* Powerup.swift in Sources */,
				95DF6BB321850228001C0AF2 /* BJMenuViewController.swift in Sources */,
				95760D41219DEE870058B5B4 /* SliderViewController.swift in Sources */,
				95DF6BAC2184DE7C001C0AF2 /* BJGameController.swift in Sources */,
				955FF7482188E9EB0019420D /* User.swift in Sources */,
				955FF7622188EF9F0019420D /* Card.swift in Sources */,
				53EE1C03218571830026904F /* StoreViewController.swift in Sources */,
				5350B4712184CA49000E8CC4 /* AppDelegate.swift in Sources */,
				53EE1BF3218567B30026904F /* AlertHelper.swift in Sources */,
				95DF6BB7218509AA001C0AF2 /* GameMenuTableTableViewController.swift in Sources */,
				5350B4792184CA49000E8CC4 /* SocialGamingPlatform.xcdatamodeld in Sources */,
				955FF74A2188E9EB0019420D /* Store.swift in Sources */,
				95DF6BB92185548E001C0AF2 /* LogoutViewController.swift in Sources */,
				955FF7472188E9EB0019420D /* Message.swift in Sources */,
				95760D43219DF3B60058B5B4 /* SliderGameController.swift in Sources */,
				955FF7462188E9EB0019420D /* MessageBoard.swift in Sources */,
				95DF6BAE2184E0AB001C0AF2 /* BJViewController.swift in Sources */,
			);
			runOnlyForDeploymentPostprocessing = 0;
		};
		5350B4802184CA4A000E8CC4 /* Sources */ = {
			isa = PBXSourcesBuildPhase;
			buildActionMask = 2147483647;
			files = (
				955FF7652188F71A0019420D /* UserTests.swift in Sources */,
				9537F11621890E5C0028E901 /* MessageTests.swift in Sources */,
				9537F11821890E980028E901 /* MessageBoardTests.swift in Sources */,
				9537F12221890F070028E901 /* CardTests.swift in Sources */,
				9537F11A21890EAA0028E901 /* StoreTests.swift in Sources */,
				9537F11F21890EED0028E901 /* PowerupTests.swift in Sources */,
				5350B4892184CA4A000E8CC4 /* SocialGamingPlatformTests.swift in Sources */,
				9537F124218912D60028E901 /* GameTests.swift in Sources */,
				9537F1282189161E0028E901 /* BJGameControllerTests.swift in Sources */,
			);
			runOnlyForDeploymentPostprocessing = 0;
		};
		5350B48B2184CA4A000E8CC4 /* Sources */ = {
			isa = PBXSourcesBuildPhase;
			buildActionMask = 2147483647;
			files = (
			);
			runOnlyForDeploymentPostprocessing = 0;
		};
		955FF74F2188EE590019420D /* Sources */ = {
			isa = PBXSourcesBuildPhase;
			buildActionMask = 2147483647;
			files = (
			);
			runOnlyForDeploymentPostprocessing = 0;
		};
/* End PBXSourcesBuildPhase section */

/* Begin PBXTargetDependency section */
		5350B4862184CA4A000E8CC4 /* PBXTargetDependency */ = {
			isa = PBXTargetDependency;
			target = 5350B46C2184CA49000E8CC4 /* SocialGamingPlatform */;
			targetProxy = 5350B4852184CA4A000E8CC4 /* PBXContainerItemProxy */;
		};
		5350B4912184CA4A000E8CC4 /* PBXTargetDependency */ = {
			isa = PBXTargetDependency;
			target = 5350B46C2184CA49000E8CC4 /* SocialGamingPlatform */;
			targetProxy = 5350B4902184CA4A000E8CC4 /* PBXContainerItemProxy */;
		};
		955FF7592188EE590019420D /* PBXTargetDependency */ = {
			isa = PBXTargetDependency;
			target = 5350B46C2184CA49000E8CC4 /* SocialGamingPlatform */;
			targetProxy = 955FF7582188EE590019420D /* PBXContainerItemProxy */;
		};
/* End PBXTargetDependency section */

/* Begin PBXVariantGroup section */
		955FF7352188E9B30019420D /* LaunchScreen.storyboard */ = {
			isa = PBXVariantGroup;
			children = (
				955FF7362188E9B30019420D /* Base */,
			);
			name = LaunchScreen.storyboard;
			sourceTree = "<group>";
		};
		955FF7372188E9B30019420D /* Main.storyboard */ = {
			isa = PBXVariantGroup;
			children = (
				955FF7382188E9B30019420D /* Base */,
			);
			name = Main.storyboard;
			sourceTree = "<group>";
		};
/* End PBXVariantGroup section */

/* Begin XCBuildConfiguration section */
		5350B4962184CA4A000E8CC4 /* Debug */ = {
			isa = XCBuildConfiguration;
			buildSettings = {
				ALWAYS_SEARCH_USER_PATHS = NO;
				CLANG_ANALYZER_NONNULL = YES;
				CLANG_ANALYZER_NUMBER_OBJECT_CONVERSION = YES_AGGRESSIVE;
				CLANG_CXX_LANGUAGE_STANDARD = "gnu++14";
				CLANG_CXX_LIBRARY = "libc++";
				CLANG_ENABLE_MODULES = YES;
				CLANG_ENABLE_OBJC_ARC = YES;
				CLANG_ENABLE_OBJC_WEAK = YES;
				CLANG_WARN_BLOCK_CAPTURE_AUTORELEASING = YES;
				CLANG_WARN_BOOL_CONVERSION = YES;
				CLANG_WARN_COMMA = YES;
				CLANG_WARN_CONSTANT_CONVERSION = YES;
				CLANG_WARN_DEPRECATED_OBJC_IMPLEMENTATIONS = YES;
				CLANG_WARN_DIRECT_OBJC_ISA_USAGE = YES_ERROR;
				CLANG_WARN_DOCUMENTATION_COMMENTS = YES;
				CLANG_WARN_EMPTY_BODY = YES;
				CLANG_WARN_ENUM_CONVERSION = YES;
				CLANG_WARN_INFINITE_RECURSION = YES;
				CLANG_WARN_INT_CONVERSION = YES;
				CLANG_WARN_NON_LITERAL_NULL_CONVERSION = YES;
				CLANG_WARN_OBJC_IMPLICIT_RETAIN_SELF = YES;
				CLANG_WARN_OBJC_LITERAL_CONVERSION = YES;
				CLANG_WARN_OBJC_ROOT_CLASS = YES_ERROR;
				CLANG_WARN_RANGE_LOOP_ANALYSIS = YES;
				CLANG_WARN_STRICT_PROTOTYPES = YES;
				CLANG_WARN_SUSPICIOUS_MOVE = YES;
				CLANG_WARN_UNGUARDED_AVAILABILITY = YES_AGGRESSIVE;
				CLANG_WARN_UNREACHABLE_CODE = YES;
				CLANG_WARN__DUPLICATE_METHOD_MATCH = YES;
				CODE_SIGN_IDENTITY = "iPhone Developer";
				COPY_PHASE_STRIP = NO;
				DEBUG_INFORMATION_FORMAT = dwarf;
				ENABLE_STRICT_OBJC_MSGSEND = YES;
				ENABLE_TESTABILITY = YES;
				GCC_C_LANGUAGE_STANDARD = gnu11;
				GCC_DYNAMIC_NO_PIC = NO;
				GCC_NO_COMMON_BLOCKS = YES;
				GCC_OPTIMIZATION_LEVEL = 0;
				GCC_PREPROCESSOR_DEFINITIONS = (
					"DEBUG=1",
					"$(inherited)",
				);
				GCC_WARN_64_TO_32_BIT_CONVERSION = YES;
				GCC_WARN_ABOUT_RETURN_TYPE = YES_ERROR;
				GCC_WARN_UNDECLARED_SELECTOR = YES;
				GCC_WARN_UNINITIALIZED_AUTOS = YES_AGGRESSIVE;
				GCC_WARN_UNUSED_FUNCTION = YES;
				GCC_WARN_UNUSED_VARIABLE = YES;
				IPHONEOS_DEPLOYMENT_TARGET = 12.0;
				MTL_ENABLE_DEBUG_INFO = INCLUDE_SOURCE;
				MTL_FAST_MATH = YES;
				ONLY_ACTIVE_ARCH = YES;
				SDKROOT = iphoneos;
				SWIFT_ACTIVE_COMPILATION_CONDITIONS = DEBUG;
				SWIFT_OPTIMIZATION_LEVEL = "-Onone";
			};
			name = Debug;
		};
		5350B4972184CA4A000E8CC4 /* Release */ = {
			isa = XCBuildConfiguration;
			buildSettings = {
				ALWAYS_SEARCH_USER_PATHS = NO;
				CLANG_ANALYZER_NONNULL = YES;
				CLANG_ANALYZER_NUMBER_OBJECT_CONVERSION = YES_AGGRESSIVE;
				CLANG_CXX_LANGUAGE_STANDARD = "gnu++14";
				CLANG_CXX_LIBRARY = "libc++";
				CLANG_ENABLE_MODULES = YES;
				CLANG_ENABLE_OBJC_ARC = YES;
				CLANG_ENABLE_OBJC_WEAK = YES;
				CLANG_WARN_BLOCK_CAPTURE_AUTORELEASING = YES;
				CLANG_WARN_BOOL_CONVERSION = YES;
				CLANG_WARN_COMMA = YES;
				CLANG_WARN_CONSTANT_CONVERSION = YES;
				CLANG_WARN_DEPRECATED_OBJC_IMPLEMENTATIONS = YES;
				CLANG_WARN_DIRECT_OBJC_ISA_USAGE = YES_ERROR;
				CLANG_WARN_DOCUMENTATION_COMMENTS = YES;
				CLANG_WARN_EMPTY_BODY = YES;
				CLANG_WARN_ENUM_CONVERSION = YES;
				CLANG_WARN_INFINITE_RECURSION = YES;
				CLANG_WARN_INT_CONVERSION = YES;
				CLANG_WARN_NON_LITERAL_NULL_CONVERSION = YES;
				CLANG_WARN_OBJC_IMPLICIT_RETAIN_SELF = YES;
				CLANG_WARN_OBJC_LITERAL_CONVERSION = YES;
				CLANG_WARN_OBJC_ROOT_CLASS = YES_ERROR;
				CLANG_WARN_RANGE_LOOP_ANALYSIS = YES;
				CLANG_WARN_STRICT_PROTOTYPES = YES;
				CLANG_WARN_SUSPICIOUS_MOVE = YES;
				CLANG_WARN_UNGUARDED_AVAILABILITY = YES_AGGRESSIVE;
				CLANG_WARN_UNREACHABLE_CODE = YES;
				CLANG_WARN__DUPLICATE_METHOD_MATCH = YES;
				CODE_SIGN_IDENTITY = "iPhone Developer";
				COPY_PHASE_STRIP = NO;
				DEBUG_INFORMATION_FORMAT = "dwarf-with-dsym";
				ENABLE_NS_ASSERTIONS = NO;
				ENABLE_STRICT_OBJC_MSGSEND = YES;
				GCC_C_LANGUAGE_STANDARD = gnu11;
				GCC_NO_COMMON_BLOCKS = YES;
				GCC_WARN_64_TO_32_BIT_CONVERSION = YES;
				GCC_WARN_ABOUT_RETURN_TYPE = YES_ERROR;
				GCC_WARN_UNDECLARED_SELECTOR = YES;
				GCC_WARN_UNINITIALIZED_AUTOS = YES_AGGRESSIVE;
				GCC_WARN_UNUSED_FUNCTION = YES;
				GCC_WARN_UNUSED_VARIABLE = YES;
				IPHONEOS_DEPLOYMENT_TARGET = 12.0;
				MTL_ENABLE_DEBUG_INFO = NO;
				MTL_FAST_MATH = YES;
				SDKROOT = iphoneos;
				SWIFT_COMPILATION_MODE = wholemodule;
				SWIFT_OPTIMIZATION_LEVEL = "-O";
				VALIDATE_PRODUCT = YES;
			};
			name = Release;
		};
		5350B4992184CA4A000E8CC4 /* Debug */ = {
			isa = XCBuildConfiguration;
			baseConfigurationReference = 80F169151CDCDB057E201876 /* Pods-SocialGamingPlatform.debug.xcconfig */;
			buildSettings = {
				ASSETCATALOG_COMPILER_APPICON_NAME = AppIcon;
				CODE_SIGN_STYLE = Automatic;
				DEVELOPMENT_TEAM = BJ4HJPSB44;
				INFOPLIST_FILE = SocialGamingPlatform/Info.plist;
				LD_RUNPATH_SEARCH_PATHS = (
					"$(inherited)",
					"@executable_path/Frameworks",
				);
				PRODUCT_BUNDLE_IDENTIFIER = jxl1305.case.edu.SocialGamingPlatform;
				PRODUCT_NAME = "$(TARGET_NAME)";
				SWIFT_VERSION = 4.2;
				TARGETED_DEVICE_FAMILY = "1,2";
			};
			name = Debug;
		};
		5350B49A2184CA4A000E8CC4 /* Release */ = {
			isa = XCBuildConfiguration;
			baseConfigurationReference = B6AE16293D430B75897C099B /* Pods-SocialGamingPlatform.release.xcconfig */;
			buildSettings = {
				ASSETCATALOG_COMPILER_APPICON_NAME = AppIcon;
				CODE_SIGN_STYLE = Automatic;
				DEVELOPMENT_TEAM = BJ4HJPSB44;
				INFOPLIST_FILE = SocialGamingPlatform/Info.plist;
				LD_RUNPATH_SEARCH_PATHS = (
					"$(inherited)",
					"@executable_path/Frameworks",
				);
				PRODUCT_BUNDLE_IDENTIFIER = jxl1305.case.edu.SocialGamingPlatform;
				PRODUCT_NAME = "$(TARGET_NAME)";
				SWIFT_VERSION = 4.2;
				TARGETED_DEVICE_FAMILY = "1,2";
			};
			name = Release;
		};
		5350B49C2184CA4A000E8CC4 /* Debug */ = {
			isa = XCBuildConfiguration;
			baseConfigurationReference = 26E4D4E0649AC3EC4869E9CF /* Pods-SocialGamingPlatformTests.debug.xcconfig */;
			buildSettings = {
				ALWAYS_EMBED_SWIFT_STANDARD_LIBRARIES = YES;
				BUNDLE_LOADER = "$(TEST_HOST)";
				CODE_SIGN_STYLE = Automatic;
				DEVELOPMENT_TEAM = BJ4HJPSB44;
				INFOPLIST_FILE = SocialGamingPlatformTests/Info.plist;
				LD_RUNPATH_SEARCH_PATHS = (
					"$(inherited)",
					"@executable_path/Frameworks",
					"@loader_path/Frameworks",
				);
				PRODUCT_BUNDLE_IDENTIFIER = jxl1305.case.edu.SocialGamingPlatformTests;
				PRODUCT_NAME = "$(TARGET_NAME)";
				SWIFT_VERSION = 4.2;
				TARGETED_DEVICE_FAMILY = "1,2";
				TEST_HOST = "$(BUILT_PRODUCTS_DIR)/SocialGamingPlatform.app/SocialGamingPlatform";
			};
			name = Debug;
		};
		5350B49D2184CA4A000E8CC4 /* Release */ = {
			isa = XCBuildConfiguration;
			baseConfigurationReference = 4A217B1A14B238E6EB4ED52C /* Pods-SocialGamingPlatformTests.release.xcconfig */;
			buildSettings = {
				ALWAYS_EMBED_SWIFT_STANDARD_LIBRARIES = YES;
				BUNDLE_LOADER = "$(TEST_HOST)";
				CODE_SIGN_STYLE = Automatic;
				DEVELOPMENT_TEAM = BJ4HJPSB44;
				INFOPLIST_FILE = SocialGamingPlatformTests/Info.plist;
				LD_RUNPATH_SEARCH_PATHS = (
					"$(inherited)",
					"@executable_path/Frameworks",
					"@loader_path/Frameworks",
				);
				PRODUCT_BUNDLE_IDENTIFIER = jxl1305.case.edu.SocialGamingPlatformTests;
				PRODUCT_NAME = "$(TARGET_NAME)";
				SWIFT_VERSION = 4.2;
				TARGETED_DEVICE_FAMILY = "1,2";
				TEST_HOST = "$(BUILT_PRODUCTS_DIR)/SocialGamingPlatform.app/SocialGamingPlatform";
			};
			name = Release;
		};
		5350B49F2184CA4A000E8CC4 /* Debug */ = {
			isa = XCBuildConfiguration;
			baseConfigurationReference = A43CE36E8AC9DB4B7A581C13 /* Pods-SocialGamingPlatformUITests.debug.xcconfig */;
			buildSettings = {
				ALWAYS_EMBED_SWIFT_STANDARD_LIBRARIES = YES;
				CODE_SIGN_STYLE = Automatic;
				DEVELOPMENT_TEAM = BJ4HJPSB44;
				INFOPLIST_FILE = SocialGamingPlatformUITests/Info.plist;
				LD_RUNPATH_SEARCH_PATHS = (
					"$(inherited)",
					"@executable_path/Frameworks",
					"@loader_path/Frameworks",
				);
				PRODUCT_BUNDLE_IDENTIFIER = jxl1305.case.edu.SocialGamingPlatformUITests;
				PRODUCT_NAME = "$(TARGET_NAME)";
				SWIFT_VERSION = 4.2;
				TARGETED_DEVICE_FAMILY = "1,2";
				TEST_TARGET_NAME = SocialGamingPlatform;
			};
			name = Debug;
		};
		5350B4A02184CA4A000E8CC4 /* Release */ = {
			isa = XCBuildConfiguration;
			baseConfigurationReference = DBE55B18EA47227C7EAC2F46 /* Pods-SocialGamingPlatformUITests.release.xcconfig */;
			buildSettings = {
				ALWAYS_EMBED_SWIFT_STANDARD_LIBRARIES = YES;
				CODE_SIGN_STYLE = Automatic;
				DEVELOPMENT_TEAM = BJ4HJPSB44;
				INFOPLIST_FILE = SocialGamingPlatformUITests/Info.plist;
				LD_RUNPATH_SEARCH_PATHS = (
					"$(inherited)",
					"@executable_path/Frameworks",
					"@loader_path/Frameworks",
				);
				PRODUCT_BUNDLE_IDENTIFIER = jxl1305.case.edu.SocialGamingPlatformUITests;
				PRODUCT_NAME = "$(TARGET_NAME)";
				SWIFT_VERSION = 4.2;
				TARGETED_DEVICE_FAMILY = "1,2";
				TEST_TARGET_NAME = SocialGamingPlatform;
			};
			name = Release;
		};
		955FF75B2188EE590019420D /* Debug */ = {
			isa = XCBuildConfiguration;
			buildSettings = {
				BUNDLE_LOADER = "$(TEST_HOST)";
				CODE_SIGN_STYLE = Automatic;
				INFOPLIST_FILE = LoginTests/Info.plist;
				IPHONEOS_DEPLOYMENT_TARGET = 12.1;
				LD_RUNPATH_SEARCH_PATHS = (
					"$(inherited)",
					"@executable_path/Frameworks",
					"@loader_path/Frameworks",
				);
				PRODUCT_BUNDLE_IDENTIFIER = "tungholin-adamlaw.LoginTests";
				PRODUCT_NAME = "$(TARGET_NAME)";
				SWIFT_VERSION = 4.2;
				TARGETED_DEVICE_FAMILY = "1,2";
				TEST_HOST = "$(BUILT_PRODUCTS_DIR)/SocialGamingPlatform.app/SocialGamingPlatform";
			};
			name = Debug;
		};
		955FF75C2188EE590019420D /* Release */ = {
			isa = XCBuildConfiguration;
			buildSettings = {
				BUNDLE_LOADER = "$(TEST_HOST)";
				CODE_SIGN_STYLE = Automatic;
				INFOPLIST_FILE = LoginTests/Info.plist;
				IPHONEOS_DEPLOYMENT_TARGET = 12.1;
				LD_RUNPATH_SEARCH_PATHS = (
					"$(inherited)",
					"@executable_path/Frameworks",
					"@loader_path/Frameworks",
				);
				PRODUCT_BUNDLE_IDENTIFIER = "tungholin-adamlaw.LoginTests";
				PRODUCT_NAME = "$(TARGET_NAME)";
				SWIFT_VERSION = 4.2;
				TARGETED_DEVICE_FAMILY = "1,2";
				TEST_HOST = "$(BUILT_PRODUCTS_DIR)/SocialGamingPlatform.app/SocialGamingPlatform";
			};
			name = Release;
		};
/* End XCBuildConfiguration section */

/* Begin XCConfigurationList section */
		5350B4682184CA49000E8CC4 /* Build configuration list for PBXProject "SocialGamingPlatform" */ = {
			isa = XCConfigurationList;
			buildConfigurations = (
				5350B4962184CA4A000E8CC4 /* Debug */,
				5350B4972184CA4A000E8CC4 /* Release */,
			);
			defaultConfigurationIsVisible = 0;
			defaultConfigurationName = Release;
		};
		5350B4982184CA4A000E8CC4 /* Build configuration list for PBXNativeTarget "SocialGamingPlatform" */ = {
			isa = XCConfigurationList;
			buildConfigurations = (
				5350B4992184CA4A000E8CC4 /* Debug */,
				5350B49A2184CA4A000E8CC4 /* Release */,
			);
			defaultConfigurationIsVisible = 0;
			defaultConfigurationName = Release;
		};
		5350B49B2184CA4A000E8CC4 /* Build configuration list for PBXNativeTarget "SocialGamingPlatformTests" */ = {
			isa = XCConfigurationList;
			buildConfigurations = (
				5350B49C2184CA4A000E8CC4 /* Debug */,
				5350B49D2184CA4A000E8CC4 /* Release */,
			);
			defaultConfigurationIsVisible = 0;
			defaultConfigurationName = Release;
		};
		5350B49E2184CA4A000E8CC4 /* Build configuration list for PBXNativeTarget "SocialGamingPlatformUITests" */ = {
			isa = XCConfigurationList;
			buildConfigurations = (
				5350B49F2184CA4A000E8CC4 /* Debug */,
				5350B4A02184CA4A000E8CC4 /* Release */,
			);
			defaultConfigurationIsVisible = 0;
			defaultConfigurationName = Release;
		};
		955FF75A2188EE590019420D /* Build configuration list for PBXNativeTarget "LoginTests" */ = {
			isa = XCConfigurationList;
			buildConfigurations = (
				955FF75B2188EE590019420D /* Debug */,
				955FF75C2188EE590019420D /* Release */,
			);
			defaultConfigurationIsVisible = 0;
			defaultConfigurationName = Release;
		};
/* End XCConfigurationList section */

/* Begin XCVersionGroup section */
		5350B4772184CA49000E8CC4 /* SocialGamingPlatform.xcdatamodeld */ = {
			isa = XCVersionGroup;
			children = (
				5350B4782184CA49000E8CC4 /* SocialGamingPlatform.xcdatamodel */,
			);
			currentVersion = 5350B4782184CA49000E8CC4 /* SocialGamingPlatform.xcdatamodel */;
			path = SocialGamingPlatform.xcdatamodeld;
			sourceTree = "<group>";
			versionGroupType = wrapper.xcdatamodel;
		};
/* End XCVersionGroup section */
	};
	rootObject = 5350B4652184CA49000E8CC4 /* Project object */;
}
